<?xml version="1.0" encoding="utf-8"?>
<Project ToolsVersion="17.0" xmlns="http://schemas.microsoft.com/developer/msbuild/2003">
  <ItemGroup>
    <ClCompile Include="C:\GitHub_Repos\mp2-lab5-polinom\src\polynomial.cpp">
      <Filter>Source Files</Filter>
    </ClCompile>
  </ItemGroup>
  <ItemGroup>
    <ClInclude Include="C:\GitHub_Repos\mp2-lab5-polinom\include\linked_list.h">
      <Filter>Header Files</Filter>
    </ClInclude>
    <ClInclude Include="C:\GitHub_Repos\mp2-lab5-polinom\include\polynomial.h">
      <Filter>Header Files</Filter>
    </ClInclude>
  </ItemGroup>
  <ItemGroup>
    <CustomBuild Include="C:\GitHub_Repos\mp2-lab5-polinom\src\CMakeLists.txt" />
  </ItemGroup>
  <ItemGroup>
    <Filter Include="Header Files">
      <UniqueIdentifier>{D34F9E6D-AC63-360E-BA91-AD6972CD9996}</UniqueIdentifier>
    </Filter>
    <Filter Include="Source Files">
      <UniqueIdentifier>{53A4F64F-88CC-3FB6-B81D-7624053ADC21}</UniqueIdentifier>
    </Filter>
  </ItemGroup>
</Project>
