
Microsoft Visual Studio Solution File, Format Version 12.00
# Visual Studio Version 17
Project("{8BC9CEB8-8B4A-11D0-8D11-00A0C91BC942}") = "ALL_BUILD", "ALL_BUILD.vcxproj", "{B6361840-ED20-33B1-BE3D-560B5591F4F3}"
	ProjectSection(ProjectDependencies) = postProject
		{DCC9FAD7-F253-364B-95A1-8D965F326116} = {DCC9FAD7-F253-364B-95A1-8D965F326116}
		{09C55806-2422-38EA-A1C4-7355FA3EB705} = {09C55806-2422-38EA-A1C4-7355FA3EB705}
		{CDAC1BCC-0573-3860-A13A-067B6E4214FF} = {CDAC1BCC-0573-3860-A13A-067B6E4214FF}
		{2FC1F6E0-822C-3E73-915A-E0ADE992925F} = {2FC1F6E0-822C-3E73-915A-E0ADE992925F}
		{E5AAABAF-5B41-3AB6-97B2-BB3D84DB5DE2} = {E5AAABAF-5B41-3AB6-97B2-BB3D84DB5DE2}
		{DE472B83-E2A5-37E3-B12F-C43AAE825EC7} = {DE472B83-E2A5-37E3-B12F-C43AAE825EC7}
		{3B74C23C-F5AB-3041-AB9E-EB5AB8A6BB2B} = {3B74C23C-F5AB-3041-AB9E-EB5AB8A6BB2B}
		{33669AF5-E620-340A-8212-B733C4995160} = {33669AF5-E620-340A-8212-B733C4995160}
	EndProjectSection
EndProject
Project("{8BC9CEB8-8B4A-11D0-8D11-00A0C91BC942}") = "INSTALL", "INSTALL.vcxproj", "{BB89E3FE-1C80-3EBA-8B2F-ACBBA86F877B}"
	ProjectSection(ProjectDependencies) = postProject
		{B6361840-ED20-33B1-BE3D-560B5591F4F3} = {B6361840-ED20-33B1-BE3D-560B5591F4F3}
		{DCC9FAD7-F253-364B-95A1-8D965F326116} = {DCC9FAD7-F253-364B-95A1-8D965F326116}
	EndProjectSection
EndProject
Project("{8BC9CEB8-8B4A-11D0-8D11-00A0C91BC942}") = "ZERO_CHECK", "ZERO_CHECK.vcxproj", "{DCC9FAD7-F253-364B-95A1-8D965F326116}"
	ProjectSection(ProjectDependencies) = postProject
	EndProjectSection
EndProject
Project("{8BC9CEB8-8B4A-11D0-8D11-00A0C91BC942}") = "gmock", "googletest\googlemock\gmock.vcxproj", "{09C55806-2422-38EA-A1C4-7355FA3EB705}"
	ProjectSection(ProjectDependencies) = postProject
		{DCC9FAD7-F253-364B-95A1-8D965F326116} = {DCC9FAD7-F253-364B-95A1-8D965F326116}
	EndProjectSection
EndProject
Project("{8BC9CEB8-8B4A-11D0-8D11-00A0C91BC942}") = "gmock_main", "googletest\googlemock\gmock_main.vcxproj", "{CDAC1BCC-0573-3860-A13A-067B6E4214FF}"
	ProjectSection(ProjectDependencies) = postProject
		{DCC9FAD7-F253-364B-95A1-8D965F326116} = {DCC9FAD7-F253-364B-95A1-8D965F326116}
	EndProjectSection
EndProject
Project("{8BC9CEB8-8B4A-11D0-8D11-00A0C91BC942}") = "gtest", "googletest\googletest\gtest.vcxproj", "{2FC1F6E0-822C-3E73-915A-E0ADE992925F}"
	ProjectSection(ProjectDependencies) = postProject
		{DCC9FAD7-F253-364B-95A1-8D965F326116} = {DCC9FAD7-F253-364B-95A1-8D965F326116}
	EndProjectSection
EndProject
Project("{8BC9CEB8-8B4A-11D0-8D11-00A0C91BC942}") = "gtest_main", "googletest\googletest\gtest_main.vcxproj", "{E5AAABAF-5B41-3AB6-97B2-BB3D84DB5DE2}"
	ProjectSection(ProjectDependencies) = postProject
		{DCC9FAD7-F253-364B-95A1-8D965F326116} = {DCC9FAD7-F253-364B-95A1-8D965F326116}
		{2FC1F6E0-822C-3E73-915A-E0ADE992925F} = {2FC1F6E0-822C-3E73-915A-E0ADE992925F}
	EndProjectSection
EndProject
Project("{8BC9CEB8-8B4A-11D0-8D11-00A0C91BC942}") = "polynomial", "src\polynomial.vcxproj", "{DE472B83-E2A5-37E3-B12F-C43AAE825EC7}"
	ProjectSection(ProjectDependencies) = postProject
		{DCC9FAD7-F253-364B-95A1-8D965F326116} = {DCC9FAD7-F253-364B-95A1-8D965F326116}
	EndProjectSection
EndProject
Project("{8BC9CEB8-8B4A-11D0-8D11-00A0C91BC942}") = "polynomial_solver", "samples\polynomial_solver.vcxproj", "{3B74C23C-F5AB-3041-AB9E-EB5AB8A6BB2B}"
	ProjectSection(ProjectDependencies) = postProject
		{DCC9FAD7-F253-364B-95A1-8D965F326116} = {DCC9FAD7-F253-364B-95A1-8D965F326116}
		{DE472B83-E2A5-37E3-B12F-C43AAE825EC7} = {DE472B83-E2A5-37E3-B12F-C43AAE825EC7}
	EndProjectSection
EndProject
Project("{8BC9CEB8-8B4A-11D0-8D11-00A0C91BC942}") = "test_polynomial", "test\test_polynomial.vcxproj", "{33669AF5-E620-340A-8212-B733C4995160}"
	ProjectSection(ProjectDependencies) = postProject
		{DCC9FAD7-F253-364B-95A1-8D965F326116} = {DCC9FAD7-F253-364B-95A1-8D965F326116}
		{2FC1F6E0-822C-3E73-915A-E0ADE992925F} = {2FC1F6E0-822C-3E73-915A-E0ADE992925F}
		{DE472B83-E2A5-37E3-B12F-C43AAE825EC7} = {DE472B83-E2A5-37E3-B12F-C43AAE825EC7}
	EndProjectSection
EndProject
Global
	GlobalSection(SolutionConfigurationPlatforms) = preSolution
		Debug|x64 = Debug|x64
		Release|x64 = Release|x64
	EndGlobalSection
	GlobalSection(ProjectConfigurationPlatforms) = postSolution
		{B6361840-ED20-33B1-BE3D-560B5591F4F3}.Debug|x64.ActiveCfg = Debug|x64
		{B6361840-ED20-33B1-BE3D-560B5591F4F3}.Debug|x64.Build.0 = Debug|x64
		{B6361840-ED20-33B1-BE3D-560B5591F4F3}.Release|x64.ActiveCfg = Release|x64
		{B6361840-ED20-33B1-BE3D-560B5591F4F3}.Release|x64.Build.0 = Release|x64
		{BB89E3FE-1C80-3EBA-8B2F-ACBBA86F877B}.Debug|x64.ActiveCfg = Debug|x64
		{BB89E3FE-1C80-3EBA-8B2F-ACBBA86F877B}.Release|x64.ActiveCfg = Release|x64
		{DCC9FAD7-F253-364B-95A1-8D965F326116}.Debug|x64.ActiveCfg = Debug|x64
		{DCC9FAD7-F253-364B-95A1-8D965F326116}.Debug|x64.Build.0 = Debug|x64
		{DCC9FAD7-F253-364B-95A1-8D965F326116}.Release|x64.ActiveCfg = Release|x64
		{DCC9FAD7-F253-364B-95A1-8D965F326116}.Release|x64.Build.0 = Release|x64
		{09C55806-2422-38EA-A1C4-7355FA3EB705}.Debug|x64.ActiveCfg = Debug|x64
		{09C55806-2422-38EA-A1C4-7355FA3EB705}.Debug|x64.Build.0 = Debug|x64
		{09C55806-2422-38EA-A1C4-7355FA3EB705}.Release|x64.ActiveCfg = Release|x64
		{09C55806-2422-38EA-A1C4-7355FA3EB705}.Release|x64.Build.0 = Release|x64
		{CDAC1BCC-0573-3860-A13A-067B6E4214FF}.Debug|x64.ActiveCfg = Debug|x64
		{CDAC1BCC-0573-3860-A13A-067B6E4214FF}.Debug|x64.Build.0 = Debug|x64
		{CDAC1BCC-0573-3860-A13A-067B6E4214FF}.Release|x64.ActiveCfg = Release|x64
		{CDAC1BCC-0573-3860-A13A-067B6E4214FF}.Release|x64.Build.0 = Release|x64
		{2FC1F6E0-822C-3E73-915A-E0ADE992925F}.Debug|x64.ActiveCfg = Debug|x64
		{2FC1F6E0-822C-3E73-915A-E0ADE992925F}.Debug|x64.Build.0 = Debug|x64
		{2FC1F6E0-822C-3E73-915A-E0ADE992925F}.Release|x64.ActiveCfg = Release|x64
		{2FC1F6E0-822C-3E73-915A-E0ADE992925F}.Release|x64.Build.0 = Release|x64
		{E5AAABAF-5B41-3AB6-97B2-BB3D84DB5DE2}.Debug|x64.ActiveCfg = Debug|x64
		{E5AAABAF-5B41-3AB6-97B2-BB3D84DB5DE2}.Debug|x64.Build.0 = Debug|x64
		{E5AAABAF-5B41-3AB6-97B2-BB3D84DB5DE2}.Release|x64.ActiveCfg = Release|x64
		{E5AAABAF-5B41-3AB6-97B2-BB3D84DB5DE2}.Release|x64.Build.0 = Release|x64
		{DE472B83-E2A5-37E3-B12F-C43AAE825EC7}.Debug|x64.ActiveCfg = Debug|x64
		{DE472B83-E2A5-37E3-B12F-C43AAE825EC7}.Debug|x64.Build.0 = Debug|x64
		{DE472B83-E2A5-37E3-B12F-C43AAE825EC7}.Release|x64.ActiveCfg = Release|x64
		{DE472B83-E2A5-37E3-B12F-C43AAE825EC7}.Release|x64.Build.0 = Release|x64
		{3B74C23C-F5AB-3041-AB9E-EB5AB8A6BB2B}.Debug|x64.ActiveCfg = Debug|x64
		{3B74C23C-F5AB-3041-AB9E-EB5AB8A6BB2B}.Debug|x64.Build.0 = Debug|x64
		{3B74C23C-F5AB-3041-AB9E-EB5AB8A6BB2B}.Release|x64.ActiveCfg = Release|x64
		{3B74C23C-F5AB-3041-AB9E-EB5AB8A6BB2B}.Release|x64.Build.0 = Release|x64
		{33669AF5-E620-340A-8212-B733C4995160}.Debug|x64.ActiveCfg = Debug|x64
		{33669AF5-E620-340A-8212-B733C4995160}.Debug|x64.Build.0 = Debug|x64
		{33669AF5-E620-340A-8212-B733C4995160}.Release|x64.ActiveCfg = Release|x64
		{33669AF5-E620-340A-8212-B733C4995160}.Release|x64.Build.0 = Release|x64
	EndGlobalSection
	GlobalSection(ExtensibilityGlobals) = postSolution
		SolutionGuid = {43C8782C-826D-334F-B175-7480635B6760}
	EndGlobalSection
	GlobalSection(ExtensibilityAddIns) = postSolution
	EndGlobalSection
EndGlobal
